// !$*UTF8*$!
{
	archiveVersion = 1;
	classes = {
	};
	objectVersion = 50;
	objects = {

/* Begin PBXBuildFile section */
		0479902525B55A5300A7CDEC /* AppDelegate.swift in Sources */ = {isa = PBXBuildFile; fileRef = 0479902425B55A5300A7CDEC /* AppDelegate.swift */; };
		0479902725B55A5300A7CDEC /* SceneDelegate.swift in Sources */ = {isa = PBXBuildFile; fileRef = 0479902625B55A5300A7CDEC /* SceneDelegate.swift */; };
		0479902925B55A5300A7CDEC /* ViewController.swift in Sources */ = {isa = PBXBuildFile; fileRef = 0479902825B55A5300A7CDEC /* ViewController.swift */; };
		0479902C25B55A5300A7CDEC /* Main.storyboard in Resources */ = {isa = PBXBuildFile; fileRef = 0479902A25B55A5300A7CDEC /* Main.storyboard */; };
		0479902E25B55A5600A7CDEC /* Assets.xcassets in Resources */ = {isa = PBXBuildFile; fileRef = 0479902D25B55A5600A7CDEC /* Assets.xcassets */; };
		0479903125B55A5600A7CDEC /* LaunchScreen.storyboard in Resources */ = {isa = PBXBuildFile; fileRef = 0479902F25B55A5600A7CDEC /* LaunchScreen.storyboard */; };
/* End PBXBuildFile section */

/* Begin PBXFileReference section */
		0479902125B55A5300A7CDEC /* FunctionalCalculator.app */ = {isa = PBXFileReference; explicitFileType = wrapper.application; includeInIndex = 0; path = FunctionalCalculator.app; sourceTree = BUILT_PRODUCTS_DIR; };
		0479902425B55A5300A7CDEC /* AppDelegate.swift */ = {isa = PBXFileReference; lastKnownFileType = sourcecode.swift; path = AppDelegate.swift; sourceTree = "<group>"; };
		0479902625B55A5300A7CDEC /* SceneDelegate.swift */ = {isa = PBXFileReference; lastKnownFileType = sourcecode.swift; path = SceneDelegate.swift; sourceTree = "<group>"; };
		0479902825B55A5300A7CDEC /* ViewController.swift */ = {isa = PBXFileReference; lastKnownFileType = sourcecode.swift; path = ViewController.swift; sourceTree = "<group>"; };
		0479902B25B55A5300A7CDEC /* Base */ = {isa = PBXFileReference; lastKnownFileType = file.storyboard; name = Base; path = Base.lproj/Main.storyboard; sourceTree = "<group>"; };
		0479902D25B55A5600A7CDEC /* Assets.xcassets */ = {isa = PBXFileReference; lastKnownFileType = folder.assetcatalog; path = Assets.xcassets; sourceTree = "<group>"; };
		0479903025B55A5600A7CDEC /* Base */ = {isa = PBXFileReference; lastKnownFileType = file.storyboard; name = Base; path = Base.lproj/LaunchScreen.storyboard; sourceTree = "<group>"; };
		0479903225B55A5600A7CDEC /* Info.plist */ = {isa = PBXFileReference; lastKnownFileType = text.plist.xml; path = Info.plist; sourceTree = "<group>"; };
/* End PBXFileReference section */

/* Begin PBXFrameworksBuildPhase section */
		0479901E25B55A5300A7CDEC /* Frameworks */ = {
			isa = PBXFrameworksBuildPhase;
			buildActionMask = 2147483647;
			files = (
			);
			runOnlyForDeploymentPostprocessing = 0;
		};
/* End PBXFrameworksBuildPhase section */

/* Begin PBXGroup section */
		0479901825B55A5300A7CDEC = {
			isa = PBXGroup;
			children = (
				0479902325B55A5300A7CDEC /* FunctionalCalculator */,
				0479902225B55A5300A7CDEC /* Products */,
			);
			sourceTree = "<group>";
		};
		0479902225B55A5300A7CDEC /* Products */ = {
			isa = PBXGroup;
			children = (
				0479902125B55A5300A7CDEC /* FunctionalCalculator.app */,
			);
			name = Products;
			sourceTree = "<group>";
		};
		0479902325B55A5300A7CDEC /* FunctionalCalculator */ = {
			isa = PBXGroup;
			children = (
				0479902425B55A5300A7CDEC /* AppDelegate.swift */,
				0479902625B55A5300A7CDEC /* SceneDelegate.swift */,
				0479903225B55A5600A7CDEC /* Info.plist */,
				0479907D25B6534A00A7CDEC /* Model */,
				0479907B25B6531D00A7CDEC /* View */,
				0479907C25B6533D00A7CDEC /* Controller */,
				0479908225B655D200A7CDEC /* Resources */,
			);
			path = FunctionalCalculator;
			sourceTree = "<group>";
		};
		0479907B25B6531D00A7CDEC /* View */ = {
			isa = PBXGroup;
			children = (
			);
			path = View;
			sourceTree = "<group>";
		};
		0479907C25B6533D00A7CDEC /* Controller */ = {
			isa = PBXGroup;
			children = (
				0479902825B55A5300A7CDEC /* ViewController.swift */,
			);
			path = Controller;
			sourceTree = "<group>";
		};
		0479907D25B6534A00A7CDEC /* Model */ = {
			isa = PBXGroup;
			children = (
			);
			path = Model;
			sourceTree = "<group>";
		};
		0479908225B655D200A7CDEC /* Resources */ = {
			isa = PBXGroup;
			children = (
				0479902D25B55A5600A7CDEC /* Assets.xcassets */,
				0479902A25B55A5300A7CDEC /* Main.storyboard */,
				0479902F25B55A5600A7CDEC /* LaunchScreen.storyboard */,
			);
			path = Resources;
			sourceTree = "<group>";
		};
/* End PBXGroup section */

/* Begin PBXNativeTarget section */
		0479902025B55A5300A7CDEC /* FunctionalCalculator */ = {
			isa = PBXNativeTarget;
			buildConfigurationList = 0479903525B55A5600A7CDEC /* Build configuration list for PBXNativeTarget "FunctionalCalculator" */;
			buildPhases = (
				0479901D25B55A5300A7CDEC /* Sources */,
				0479901E25B55A5300A7CDEC /* Frameworks */,
				0479901F25B55A5300A7CDEC /* Resources */,
			);
			buildRules = (
			);
			dependencies = (
			);
			name = FunctionalCalculator;
			productName = FunctionalCalculator;
			productReference = 0479902125B55A5300A7CDEC /* FunctionalCalculator.app */;
			productType = "com.apple.product-type.application";
		};
/* End PBXNativeTarget section */

/* Begin PBXProject section */
		0479901925B55A5300A7CDEC /* Project object */ = {
			isa = PBXProject;
			attributes = {
				LastSwiftUpdateCheck = 1230;
				LastUpgradeCheck = 1230;
				TargetAttributes = {
					0479902025B55A5300A7CDEC = {
						CreatedOnToolsVersion = 12.3;
					};
				};
			};
			buildConfigurationList = 0479901C25B55A5300A7CDEC /* Build configuration list for PBXProject "FunctionalCalculator" */;
			compatibilityVersion = "Xcode 9.3";
			developmentRegion = en;
			hasScannedForEncodings = 0;
			knownRegions = (
				en,
				Base,
			);
			mainGroup = 0479901825B55A5300A7CDEC;
			productRefGroup = 0479902225B55A5300A7CDEC /* Products */;
			projectDirPath = "";
			projectRoot = "";
			targets = (
				0479902025B55A5300A7CDEC /* FunctionalCalculator */,
			);
		};
/* End PBXProject section */

/* Begin PBXResourcesBuildPhase section */
		0479901F25B55A5300A7CDEC /* Resources */ = {
			isa = PBXResourcesBuildPhase;
			buildActionMask = 2147483647;
			files = (
				0479903125B55A5600A7CDEC /* LaunchScreen.storyboard in Resources */,
				0479902E25B55A5600A7CDEC /* Assets.xcassets in Resources */,
				0479902C25B55A5300A7CDEC /* Main.storyboard in Resources */,
			);
			runOnlyForDeploymentPostprocessing = 0;
		};
/* End PBXResourcesBuildPhase section */

/* Begin PBXSourcesBuildPhase section */
		0479901D25B55A5300A7CDEC /* Sources */ = {
			isa = PBXSourcesBuildPhase;
			buildActionMask = 2147483647;
			files = (
				0479902925B55A5300A7CDEC /* ViewController.swift in Sources */,
				0479902525B55A5300A7CDEC /* AppDelegate.swift in Sources */,
				0479902725B55A5300A7CDEC /* SceneDelegate.swift in Sources */,
			);
			runOnlyForDeploymentPostprocessing = 0;
		};
/* End PBXSourcesBuildPhase section */

/* Begin PBXVariantGroup section */
		0479902A25B55A5300A7CDEC /* Main.storyboard */ = {
			isa = PBXVariantGroup;
			children = (
				0479902B25B55A5300A7CDEC /* Base */,
			);
			name = Main.storyboard;
			sourceTree = "<group>";
		};
		0479902F25B55A5600A7CDEC /* LaunchScreen.storyboard */ = {
			isa = PBXVariantGroup;
			children = (
				0479903025B55A5600A7CDEC /* Base */,
			);
			name = LaunchScreen.storyboard;
			sourceTree = "<group>";
		};
/* End PBXVariantGroup section */

/* Begin XCBuildConfiguration section */
		0479903325B55A5600A7CDEC /* Debug */ = {
			isa = XCBuildConfiguration;
			buildSettings = {
				ALWAYS_SEARCH_USER_PATHS = NO;
				CLANG_ANALYZER_NONNULL = YES;
				CLANG_ANALYZER_NUMBER_OBJECT_CONVERSION = YES_AGGRESSIVE;
				CLANG_CXX_LANGUAGE_STANDARD = "gnu++14";
				CLANG_CXX_LIBRARY = "libc++";
				CLANG_ENABLE_MODULES = YES;
				CLANG_ENABLE_OBJC_ARC = YES;
				CLANG_ENABLE_OBJC_WEAK = YES;
				CLANG_WARN_BLOCK_CAPTURE_AUTORELEASING = YES;
				CLANG_WARN_BOOL_CONVERSION = YES;
				CLANG_WARN_COMMA = YES;
				CLANG_WARN_CONSTANT_CONVERSION = YES;
				CLANG_WARN_DEPRECATED_OBJC_IMPLEMENTATIONS = YES;
				CLANG_WARN_DIRECT_OBJC_ISA_USAGE = YES_ERROR;
				CLANG_WARN_DOCUMENTATION_COMMENTS = YES;
				CLANG_WARN_EMPTY_BODY = YES;
				CLANG_WARN_ENUM_CONVERSION = YES;
				CLANG_WARN_INFINITE_RECURSION = YES;
				CLANG_WARN_INT_CONVERSION = YES;
				CLANG_WARN_NON_LITERAL_NULL_CONVERSION = YES;
				CLANG_WARN_OBJC_IMPLICIT_RETAIN_SELF = YES;
				CLANG_WARN_OBJC_LITERAL_CONVERSION = YES;
				CLANG_WARN_OBJC_ROOT_CLASS = YES_ERROR;
				CLANG_WARN_QUOTED_INCLUDE_IN_FRAMEWORK_HEADER = YES;
				CLANG_WARN_RANGE_LOOP_ANALYSIS = YES;
				CLANG_WARN_STRICT_PROTOTYPES = YES;
				CLANG_WARN_SUSPICIOUS_MOVE = YES;
				CLANG_WARN_UNGUARDED_AVAILABILITY = YES_AGGRESSIVE;
				CLANG_WARN_UNREACHABLE_CODE = YES;
				CLANG_WARN__DUPLICATE_METHOD_MATCH = YES;
				COPY_PHASE_STRIP = NO;
				DEBUG_INFORMATION_FORMAT = dwarf;
				ENABLE_STRICT_OBJC_MSGSEND = YES;
				ENABLE_TESTABILITY = YES;
				GCC_C_LANGUAGE_STANDARD = gnu11;
				GCC_DYNAMIC_NO_PIC = NO;
				GCC_NO_COMMON_BLOCKS = YES;
				GCC_OPTIMIZATION_LEVEL = 0;
				GCC_PREPROCESSOR_DEFINITIONS = (
					"DEBUG=1",
					"$(inherited)",
				);
				GCC_WARN_64_TO_32_BIT_CONVERSION = YES;
				GCC_WARN_ABOUT_RETURN_TYPE = YES_ERROR;
				GCC_WARN_UNDECLARED_SELECTOR = YES;
				GCC_WARN_UNINITIALIZED_AUTOS = YES_AGGRESSIVE;
				GCC_WARN_UNUSED_FUNCTION = YES;
				GCC_WARN_UNUSED_VARIABLE = YES;
				IPHONEOS_DEPLOYMENT_TARGET = 14.3;
				MTL_ENABLE_DEBUG_INFO = INCLUDE_SOURCE;
				MTL_FAST_MATH = YES;
				ONLY_ACTIVE_ARCH = YES;
				SDKROOT = iphoneos;
				SWIFT_ACTIVE_COMPILATION_CONDITIONS = DEBUG;
				SWIFT_OPTIMIZATION_LEVEL = "-Onone";
			};
			name = Debug;
		};
		0479903425B55A5600A7CDEC /* Release */ = {
			isa = XCBuildConfiguration;
			buildSettings = {
				ALWAYS_SEARCH_USER_PATHS = NO;
				CLANG_ANALYZER_NONNULL = YES;
				CLANG_ANALYZER_NUMBER_OBJECT_CONVERSION = YES_AGGRESSIVE;
				CLANG_CXX_LANGUAGE_STANDARD = "gnu++14";
				CLANG_CXX_LIBRARY = "libc++";
				CLANG_ENABLE_MODULES = YES;
				CLANG_ENABLE_OBJC_ARC = YES;
				CLANG_ENABLE_OBJC_WEAK = YES;
				CLANG_WARN_BLOCK_CAPTURE_AUTORELEASING = YES;
				CLANG_WARN_BOOL_CONVERSION = YES;
				CLANG_WARN_COMMA = YES;
				CLANG_WARN_CONSTANT_CONVERSION = YES;
				CLANG_WARN_DEPRECATED_OBJC_IMPLEMENTATIONS = YES;
				CLANG_WARN_DIRECT_OBJC_ISA_USAGE = YES_ERROR;
				CLANG_WARN_DOCUMENTATION_COMMENTS = YES;
				CLANG_WARN_EMPTY_BODY = YES;
				CLANG_WARN_ENUM_CONVERSION = YES;
				CLANG_WARN_INFINITE_RECURSION = YES;
				CLANG_WARN_INT_CONVERSION = YES;
				CLANG_WARN_NON_LITERAL_NULL_CONVERSION = YES;
				CLANG_WARN_OBJC_IMPLICIT_RETAIN_SELF = YES;
				CLANG_WARN_OBJC_LITERAL_CONVERSION = YES;
				CLANG_WARN_OBJC_ROOT_CLASS = YES_ERROR;
				CLANG_WARN_QUOTED_INCLUDE_IN_FRAMEWORK_HEADER = YES;
				CLANG_WARN_RANGE_LOOP_ANALYSIS = YES;
				CLANG_WARN_STRICT_PROTOTYPES = YES;
				CLANG_WARN_SUSPICIOUS_MOVE = YES;
				CLANG_WARN_UNGUARDED_AVAILABILITY = YES_AGGRESSIVE;
				CLANG_WARN_UNREACHABLE_CODE = YES;
				CLANG_WARN__DUPLICATE_METHOD_MATCH = YES;
				COPY_PHASE_STRIP = NO;
				DEBUG_INFORMATION_FORMAT = "dwarf-with-dsym";
				ENABLE_NS_ASSERTIONS = NO;
				ENABLE_STRICT_OBJC_MSGSEND = YES;
				GCC_C_LANGUAGE_STANDARD = gnu11;
				GCC_NO_COMMON_BLOCKS = YES;
				GCC_WARN_64_TO_32_BIT_CONVERSION = YES;
				GCC_WARN_ABOUT_RETURN_TYPE = YES_ERROR;
				GCC_WARN_UNDECLARED_SELECTOR = YES;
				GCC_WARN_UNINITIALIZED_AUTOS = YES_AGGRESSIVE;
				GCC_WARN_UNUSED_FUNCTION = YES;
				GCC_WARN_UNUSED_VARIABLE = YES;
				IPHONEOS_DEPLOYMENT_TARGET = 14.3;
				MTL_ENABLE_DEBUG_INFO = NO;
				MTL_FAST_MATH = YES;
				SDKROOT = iphoneos;
				SWIFT_COMPILATION_MODE = wholemodule;
				SWIFT_OPTIMIZATION_LEVEL = "-O";
				VALIDATE_PRODUCT = YES;
			};
			name = Release;
		};
		0479903625B55A5600A7CDEC /* Debug */ = {
			isa = XCBuildConfiguration;
			buildSettings = {
				ASSETCATALOG_COMPILER_APPICON_NAME = AppIcon;
				ASSETCATALOG_COMPILER_GLOBAL_ACCENT_COLOR_NAME = AccentColor;
				CODE_SIGN_STYLE = Automatic;
				DEVELOPMENT_TEAM = LWU8V4B258;
				INFOPLIST_FILE = FunctionalCalculator/Info.plist;
				LD_RUNPATH_SEARCH_PATHS = (
					"$(inherited)",
					"@executable_path/Frameworks",
				);
				PRODUCT_BUNDLE_IDENTIFIER = com.devAYZ.FunctionalCalculator;
				PRODUCT_NAME = "$(TARGET_NAME)";
				SWIFT_VERSION = 5.0;
				TARGETED_DEVICE_FAMILY = 1;
			};
			name = Debug;
		};
		0479903725B55A5600A7CDEC /* Release */ = {
			isa = XCBuildConfiguration;
			buildSettings = {
				ASSETCATALOG_COMPILER_APPICON_NAME = AppIcon;
				ASSETCATALOG_COMPILER_GLOBAL_ACCENT_COLOR_NAME = AccentColor;
				CODE_SIGN_STYLE = Automatic;
				DEVELOPMENT_TEAM = LWU8V4B258;
				INFOPLIST_FILE = FunctionalCalculator/Info.plist;
				LD_RUNPATH_SEARCH_PATHS = (
					"$(inherited)",
					"@executable_path/Frameworks",
				);
				PRODUCT_BUNDLE_IDENTIFIER = com.devAYZ.FunctionalCalculator;
				PRODUCT_NAME = "$(TARGET_NAME)";
				SWIFT_VERSION = 5.0;
				TARGETED_DEVICE_FAMILY = 1;
			};
			name = Release;
		};
/* End XCBuildConfiguration section */

/* Begin XCConfigurationList section */
		0479901C25B55A5300A7CDEC /* Build configuration list for PBXProject "FunctionalCalculator" */ = {
			isa = XCConfigurationList;
			buildConfigurations = (
				0479903325B55A5600A7CDEC /* Debug */,
				0479903425B55A5600A7CDEC /* Release */,
			);
			defaultConfigurationIsVisible = 0;
			defaultConfigurationName = Release;
		};
		0479903525B55A5600A7CDEC /* Build configuration list for PBXNativeTarget "FunctionalCalculator" */ = {
			isa = XCConfigurationList;
			buildConfigurations = (
				0479903625B55A5600A7CDEC /* Debug */,
				0479903725B55A5600A7CDEC /* Release */,
			);
			defaultConfigurationIsVisible = 0;
			defaultConfigurationName = Release;
		};
/* End XCConfigurationList section */
	};
	rootObject = 0479901925B55A5300A7CDEC /* Project object */;
}
